
Microsoft Visual Studio Solution File, Format Version 12.00
# Visual Studio 15
VisualStudioVersion = 15.0.26730.12
MinimumVisualStudioVersion = 10.0.40219.1
Project("{FAE04EC0-301F-11D3-BF4B-00C04F79EFBC}") = "funiturePage", "funiturePage\funiturePage.csproj", "{65E31A29-3849-4000-84B0-A0F077E2BD0F}"
EndProject
Global
	GlobalSection(SolutionConfigurationPlatforms) = preSolution
		Debug|Any CPU = Debug|Any CPU
		Release|Any CPU = Release|Any CPU
	EndGlobalSection
	GlobalSection(ProjectConfigurationPlatforms) = postSolution
		{65E31A29-3849-4000-84B0-A0F077E2BD0F}.Debug|Any CPU.ActiveCfg = Debug|Any CPU
		{65E31A29-3849-4000-84B0-A0F077E2BD0F}.Debug|Any CPU.Build.0 = Debug|Any CPU
		{65E31A29-3849-4000-84B0-A0F077E2BD0F}.Release|Any CPU.ActiveCfg = Release|Any CPU
		{65E31A29-3849-4000-84B0-A0F077E2BD0F}.Release|Any CPU.Build.0 = Release|Any CPU
	EndGlobalSection
	GlobalSection(SolutionProperties) = preSolution
		HideSolutionNode = FALSE
	EndGlobalSection
	GlobalSection(ExtensibilityGlobals) = postSolution
		SolutionGuid = {8A7094B3-76C8-416D-8CC9-31C4EA32E47A}
	EndGlobalSection
EndGlobal
